// !$*UTF8*$!
{
	archiveVersion = 1;
	classes = {
	};
	objectVersion = 50;
	objects = {

/* Begin PBXBuildFile section */
		936F8BFF224C09C1001A718D /* SearchViewController.swift in Sources */ = {isa = PBXBuildFile; fileRef = 936F8BFE224C09C1001A718D /* SearchViewController.swift */; };
		936F8C01224C0AAF001A718D /* Locations.swift in Sources */ = {isa = PBXBuildFile; fileRef = 936F8C00224C0AAF001A718D /* Locations.swift */; };
		936F8C04224C0DA7001A718D /* LocationTableViewCell.swift in Sources */ = {isa = PBXBuildFile; fileRef = 936F8C02224C0DA7001A718D /* LocationTableViewCell.swift */; };
		936F8C05224C0DA7001A718D /* LocationTableViewCell.xib in Resources */ = {isa = PBXBuildFile; fileRef = 936F8C03224C0DA7001A718D /* LocationTableViewCell.xib */; };
		93B9E986224BEDC800CC67B0 /* AppDelegate.swift in Sources */ = {isa = PBXBuildFile; fileRef = 93B9E985224BEDC800CC67B0 /* AppDelegate.swift */; };
		93B9E988224BEDC800CC67B0 /* MapViewController.swift in Sources */ = {isa = PBXBuildFile; fileRef = 93B9E987224BEDC800CC67B0 /* MapViewController.swift */; };
		93B9E98B224BEDC800CC67B0 /* Main.storyboard in Resources */ = {isa = PBXBuildFile; fileRef = 93B9E989224BEDC800CC67B0 /* Main.storyboard */; };
		93B9E98D224BEDCB00CC67B0 /* Assets.xcassets in Resources */ = {isa = PBXBuildFile; fileRef = 93B9E98C224BEDCB00CC67B0 /* Assets.xcassets */; };
		93B9E990224BEDCB00CC67B0 /* LaunchScreen.storyboard in Resources */ = {isa = PBXBuildFile; fileRef = 93B9E98E224BEDCB00CC67B0 /* LaunchScreen.storyboard */; };
/* End PBXBuildFile section */

/* Begin PBXFileReference section */
		936F8BFE224C09C1001A718D /* SearchViewController.swift */ = {isa = PBXFileReference; lastKnownFileType = sourcecode.swift; path = SearchViewController.swift; sourceTree = "<group>"; };
		936F8C00224C0AAF001A718D /* Locations.swift */ = {isa = PBXFileReference; lastKnownFileType = sourcecode.swift; path = Locations.swift; sourceTree = "<group>"; };
		936F8C02224C0DA7001A718D /* LocationTableViewCell.swift */ = {isa = PBXFileReference; lastKnownFileType = sourcecode.swift; path = LocationTableViewCell.swift; sourceTree = "<group>"; };
		936F8C03224C0DA7001A718D /* LocationTableViewCell.xib */ = {isa = PBXFileReference; lastKnownFileType = file.xib; path = LocationTableViewCell.xib; sourceTree = "<group>"; };
		93B9E982224BEDC800CC67B0 /* MapsExample.app */ = {isa = PBXFileReference; explicitFileType = wrapper.application; includeInIndex = 0; path = MapsExample.app; sourceTree = BUILT_PRODUCTS_DIR; };
		93B9E985224BEDC800CC67B0 /* AppDelegate.swift */ = {isa = PBXFileReference; lastKnownFileType = sourcecode.swift; path = AppDelegate.swift; sourceTree = "<group>"; };
		93B9E987224BEDC800CC67B0 /* MapViewController.swift */ = {isa = PBXFileReference; lastKnownFileType = sourcecode.swift; path = MapViewController.swift; sourceTree = "<group>"; };
		93B9E98A224BEDC800CC67B0 /* Base */ = {isa = PBXFileReference; lastKnownFileType = file.storyboard; name = Base; path = Base.lproj/Main.storyboard; sourceTree = "<group>"; };
		93B9E98C224BEDCB00CC67B0 /* Assets.xcassets */ = {isa = PBXFileReference; lastKnownFileType = folder.assetcatalog; path = Assets.xcassets; sourceTree = "<group>"; };
		93B9E98F224BEDCB00CC67B0 /* Base */ = {isa = PBXFileReference; lastKnownFileType = file.storyboard; name = Base; path = Base.lproj/LaunchScreen.storyboard; sourceTree = "<group>"; };
		93B9E991224BEDCB00CC67B0 /* Info.plist */ = {isa = PBXFileReference; lastKnownFileType = text.plist.xml; path = Info.plist; sourceTree = "<group>"; };
/* End PBXFileReference section */

/* Begin PBXFrameworksBuildPhase section */
		93B9E97F224BEDC800CC67B0 /* Frameworks */ = {
			isa = PBXFrameworksBuildPhase;
			buildActionMask = 2147483647;
			files = (
			);
			runOnlyForDeploymentPostprocessing = 0;
		};
/* End PBXFrameworksBuildPhase section */

/* Begin PBXGroup section */
		93B9E979224BEDC800CC67B0 = {
			isa = PBXGroup;
			children = (
				93B9E984224BEDC800CC67B0 /* MapsExample */,
				93B9E983224BEDC800CC67B0 /* Products */,
			);
			sourceTree = "<group>";
		};
		93B9E983224BEDC800CC67B0 /* Products */ = {
			isa = PBXGroup;
			children = (
				93B9E982224BEDC800CC67B0 /* MapsExample.app */,
			);
			name = Products;
			sourceTree = "<group>";
		};
		93B9E984224BEDC800CC67B0 /* MapsExample */ = {
			isa = PBXGroup;
			children = (
				93B9E985224BEDC800CC67B0 /* AppDelegate.swift */,
				93B9E987224BEDC800CC67B0 /* MapViewController.swift */,
				93B9E989224BEDC800CC67B0 /* Main.storyboard */,
				93B9E98C224BEDCB00CC67B0 /* Assets.xcassets */,
				93B9E98E224BEDCB00CC67B0 /* LaunchScreen.storyboard */,
				93B9E991224BEDCB00CC67B0 /* Info.plist */,
				936F8BFE224C09C1001A718D /* SearchViewController.swift */,
				936F8C00224C0AAF001A718D /* Locations.swift */,
				936F8C02224C0DA7001A718D /* LocationTableViewCell.swift */,
				936F8C03224C0DA7001A718D /* LocationTableViewCell.xib */,
			);
			path = MapsExample;
			sourceTree = "<group>";
		};
/* End PBXGroup section */

/* Begin PBXNativeTarget section */
		93B9E981224BEDC800CC67B0 /* MapsExample */ = {
			isa = PBXNativeTarget;
			buildConfigurationList = 93B9E994224BEDCB00CC67B0 /* Build configuration list for PBXNativeTarget "MapsExample" */;
			buildPhases = (
				93B9E97E224BEDC800CC67B0 /* Sources */,
				93B9E97F224BEDC800CC67B0 /* Frameworks */,
				93B9E980224BEDC800CC67B0 /* Resources */,
			);
			buildRules = (
			);
			dependencies = (
			);
			name = MapsExample;
			productName = MapsExample;
			productReference = 93B9E982224BEDC800CC67B0 /* MapsExample.app */;
			productType = "com.apple.product-type.application";
		};
/* End PBXNativeTarget section */

/* Begin PBXProject section */
		93B9E97A224BEDC800CC67B0 /* Project object */ = {
			isa = PBXProject;
			attributes = {
				LastSwiftUpdateCheck = 1010;
				LastUpgradeCheck = 1010;
				ORGANIZATIONNAME = pagseguro;
				TargetAttributes = {
					93B9E981224BEDC800CC67B0 = {
						CreatedOnToolsVersion = 10.1;
					};
				};
			};
			buildConfigurationList = 93B9E97D224BEDC800CC67B0 /* Build configuration list for PBXProject "MapsExample" */;
			compatibilityVersion = "Xcode 9.3";
			developmentRegion = en;
			hasScannedForEncodings = 0;
			knownRegions = (
				en,
				Base,
			);
			mainGroup = 93B9E979224BEDC800CC67B0;
			productRefGroup = 93B9E983224BEDC800CC67B0 /* Products */;
			projectDirPath = "";
			projectRoot = "";
			targets = (
				93B9E981224BEDC800CC67B0 /* MapsExample */,
			);
		};
/* End PBXProject section */

/* Begin PBXResourcesBuildPhase section */
		93B9E980224BEDC800CC67B0 /* Resources */ = {
			isa = PBXResourcesBuildPhase;
			buildActionMask = 2147483647;
			files = (
				93B9E990224BEDCB00CC67B0 /* LaunchScreen.storyboard in Resources */,
				93B9E98D224BEDCB00CC67B0 /* Assets.xcassets in Resources */,
				936F8C05224C0DA7001A718D /* LocationTableViewCell.xib in Resources */,
				93B9E98B224BEDC800CC67B0 /* Main.storyboard in Resources */,
			);
			runOnlyForDeploymentPostprocessing = 0;
		};
/* End PBXResourcesBuildPhase section */

/* Begin PBXSourcesBuildPhase section */
		93B9E97E224BEDC800CC67B0 /* Sources */ = {
			isa = PBXSourcesBuildPhase;
			buildActionMask = 2147483647;
			files = (
				936F8BFF224C09C1001A718D /* SearchViewController.swift in Sources */,
				936F8C04224C0DA7001A718D /* LocationTableViewCell.swift in Sources */,
				93B9E988224BEDC800CC67B0 /* MapViewController.swift in Sources */,
				936F8C01224C0AAF001A718D /* Locations.swift in Sources */,
				93B9E986224BEDC800CC67B0 /* AppDelegate.swift in Sources */,
			);
			runOnlyForDeploymentPostprocessing = 0;
		};
/* End PBXSourcesBuildPhase section */

/* Begin PBXVariantGroup section */
		93B9E989224BEDC800CC67B0 /* Main.storyboard */ = {
			isa = PBXVariantGroup;
			children = (
				93B9E98A224BEDC800CC67B0 /* Base */,
			);
			name = Main.storyboard;
			sourceTree = "<group>";
		};
		93B9E98E224BEDCB00CC67B0 /* LaunchScreen.storyboard */ = {
			isa = PBXVariantGroup;
			children = (
				93B9E98F224BEDCB00CC67B0 /* Base */,
			);
			name = LaunchScreen.storyboard;
			sourceTree = "<group>";
		};
/* End PBXVariantGroup section */

/* Begin XCBuildConfiguration section */
		93B9E992224BEDCB00CC67B0 /* Debug */ = {
			isa = XCBuildConfiguration;
			buildSettings = {
				ALWAYS_SEARCH_USER_PATHS = NO;
				CLANG_ANALYZER_NONNULL = YES;
				CLANG_ANALYZER_NUMBER_OBJECT_CONVERSION = YES_AGGRESSIVE;
				CLANG_CXX_LANGUAGE_STANDARD = "gnu++14";
				CLANG_CXX_LIBRARY = "libc++";
				CLANG_ENABLE_MODULES = YES;
				CLANG_ENABLE_OBJC_ARC = YES;
				CLANG_ENABLE_OBJC_WEAK = YES;
				CLANG_WARN_BLOCK_CAPTURE_AUTORELEASING = YES;
				CLANG_WARN_BOOL_CONVERSION = YES;
				CLANG_WARN_COMMA = YES;
				CLANG_WARN_CONSTANT_CONVERSION = YES;
				CLANG_WARN_DEPRECATED_OBJC_IMPLEMENTATIONS = YES;
				CLANG_WARN_DIRECT_OBJC_ISA_USAGE = YES_ERROR;
				CLANG_WARN_DOCUMENTATION_COMMENTS = YES;
				CLANG_WARN_EMPTY_BODY = YES;
				CLANG_WARN_ENUM_CONVERSION = YES;
				CLANG_WARN_INFINITE_RECURSION = YES;
				CLANG_WARN_INT_CONVERSION = YES;
				CLANG_WARN_NON_LITERAL_NULL_CONVERSION = YES;
				CLANG_WARN_OBJC_IMPLICIT_RETAIN_SELF = YES;
				CLANG_WARN_OBJC_LITERAL_CONVERSION = YES;
				CLANG_WARN_OBJC_ROOT_CLASS = YES_ERROR;
				CLANG_WARN_RANGE_LOOP_ANALYSIS = YES;
				CLANG_WARN_STRICT_PROTOTYPES = YES;
				CLANG_WARN_SUSPICIOUS_MOVE = YES;
				CLANG_WARN_UNGUARDED_AVAILABILITY = YES_AGGRESSIVE;
				CLANG_WARN_UNREACHABLE_CODE = YES;
				CLANG_WARN__DUPLICATE_METHOD_MATCH = YES;
				CODE_SIGN_IDENTITY = "iPhone Developer";
				COPY_PHASE_STRIP = NO;
				DEBUG_INFORMATION_FORMAT = dwarf;
				ENABLE_STRICT_OBJC_MSGSEND = YES;
				ENABLE_TESTABILITY = YES;
				GCC_C_LANGUAGE_STANDARD = gnu11;
				GCC_DYNAMIC_NO_PIC = NO;
				GCC_NO_COMMON_BLOCKS = YES;
				GCC_OPTIMIZATION_LEVEL = 0;
				GCC_PREPROCESSOR_DEFINITIONS = (
					"DEBUG=1",
					"$(inherited)",
				);
				GCC_WARN_64_TO_32_BIT_CONVERSION = YES;
				GCC_WARN_ABOUT_RETURN_TYPE = YES_ERROR;
				GCC_WARN_UNDECLARED_SELECTOR = YES;
				GCC_WARN_UNINITIALIZED_AUTOS = YES_AGGRESSIVE;
				GCC_WARN_UNUSED_FUNCTION = YES;
				GCC_WARN_UNUSED_VARIABLE = YES;
				IPHONEOS_DEPLOYMENT_TARGET = 12.1;
				MTL_ENABLE_DEBUG_INFO = INCLUDE_SOURCE;
				MTL_FAST_MATH = YES;
				ONLY_ACTIVE_ARCH = YES;
				SDKROOT = iphoneos;
				SWIFT_ACTIVE_COMPILATION_CONDITIONS = DEBUG;
				SWIFT_OPTIMIZATION_LEVEL = "-Onone";
			};
			name = Debug;
		};
		93B9E993224BEDCB00CC67B0 /* Release */ = {
			isa = XCBuildConfiguration;
			buildSettings = {
				ALWAYS_SEARCH_USER_PATHS = NO;
				CLANG_ANALYZER_NONNULL = YES;
				CLANG_ANALYZER_NUMBER_OBJECT_CONVERSION = YES_AGGRESSIVE;
				CLANG_CXX_LANGUAGE_STANDARD = "gnu++14";
				CLANG_CXX_LIBRARY = "libc++";
				CLANG_ENABLE_MODULES = YES;
				CLANG_ENABLE_OBJC_ARC = YES;
				CLANG_ENABLE_OBJC_WEAK = YES;
				CLANG_WARN_BLOCK_CAPTURE_AUTORELEASING = YES;
				CLANG_WARN_BOOL_CONVERSION = YES;
				CLANG_WARN_COMMA = YES;
				CLANG_WARN_CONSTANT_CONVERSION = YES;
				CLANG_WARN_DEPRECATED_OBJC_IMPLEMENTATIONS = YES;
				CLANG_WARN_DIRECT_OBJC_ISA_USAGE = YES_ERROR;
				CLANG_WARN_DOCUMENTATION_COMMENTS = YES;
				CLANG_WARN_EMPTY_BODY = YES;
				CLANG_WARN_ENUM_CONVERSION = YES;
				CLANG_WARN_INFINITE_RECURSION = YES;
				CLANG_WARN_INT_CONVERSION = YES;
				CLANG_WARN_NON_LITERAL_NULL_CONVERSION = YES;
				CLANG_WARN_OBJC_IMPLICIT_RETAIN_SELF = YES;
				CLANG_WARN_OBJC_LITERAL_CONVERSION = YES;
				CLANG_WARN_OBJC_ROOT_CLASS = YES_ERROR;
				CLANG_WARN_RANGE_LOOP_ANALYSIS = YES;
				CLANG_WARN_STRICT_PROTOTYPES = YES;
				CLANG_WARN_SUSPICIOUS_MOVE = YES;
				CLANG_WARN_UNGUARDED_AVAILABILITY = YES_AGGRESSIVE;
				CLANG_WARN_UNREACHABLE_CODE = YES;
				CLANG_WARN__DUPLICATE_METHOD_MATCH = YES;
				CODE_SIGN_IDENTITY = "iPhone Developer";
				COPY_PHASE_STRIP = NO;
				DEBUG_INFORMATION_FORMAT = "dwarf-with-dsym";
				ENABLE_NS_ASSERTIONS = NO;
				ENABLE_STRICT_OBJC_MSGSEND = YES;
				GCC_C_LANGUAGE_STANDARD = gnu11;
				GCC_NO_COMMON_BLOCKS = YES;
				GCC_WARN_64_TO_32_BIT_CONVERSION = YES;
				GCC_WARN_ABOUT_RETURN_TYPE = YES_ERROR;
				GCC_WARN_UNDECLARED_SELECTOR = YES;
				GCC_WARN_UNINITIALIZED_AUTOS = YES_AGGRESSIVE;
				GCC_WARN_UNUSED_FUNCTION = YES;
				GCC_WARN_UNUSED_VARIABLE = YES;
				IPHONEOS_DEPLOYMENT_TARGET = 12.1;
				MTL_ENABLE_DEBUG_INFO = NO;
				MTL_FAST_MATH = YES;
				SDKROOT = iphoneos;
				SWIFT_COMPILATION_MODE = wholemodule;
				SWIFT_OPTIMIZATION_LEVEL = "-O";
				VALIDATE_PRODUCT = YES;
			};
			name = Release;
		};
		93B9E995224BEDCB00CC67B0 /* Debug */ = {
			isa = XCBuildConfiguration;
			buildSettings = {
				ASSETCATALOG_COMPILER_APPICON_NAME = AppIcon;
				CODE_SIGN_STYLE = Automatic;
				INFOPLIST_FILE = MapsExample/Info.plist;
				LD_RUNPATH_SEARCH_PATHS = (
					"$(inherited)",
					"@executable_path/Frameworks",
				);
				PRODUCT_BUNDLE_IDENTIFIER = br.uol.com.MapsExample;
				PRODUCT_NAME = "$(TARGET_NAME)";
				SWIFT_VERSION = 4.2;
				TARGETED_DEVICE_FAMILY = "1,2";
			};
			name = Debug;
		};
		93B9E996224BEDCB00CC67B0 /* Release */ = {
			isa = XCBuildConfiguration;
			buildSettings = {
				ASSETCATALOG_COMPILER_APPICON_NAME = AppIcon;
				CODE_SIGN_STYLE = Automatic;
				INFOPLIST_FILE = MapsExample/Info.plist;
				LD_RUNPATH_SEARCH_PATHS = (
					"$(inherited)",
					"@executable_path/Frameworks",
				);
				PRODUCT_BUNDLE_IDENTIFIER = br.uol.com.MapsExample;
				PRODUCT_NAME = "$(TARGET_NAME)";
				SWIFT_VERSION = 4.2;
				TARGETED_DEVICE_FAMILY = "1,2";
			};
			name = Release;
		};
/* End XCBuildConfiguration section */

/* Begin XCConfigurationList section */
		93B9E97D224BEDC800CC67B0 /* Build configuration list for PBXProject "MapsExample" */ = {
			isa = XCConfigurationList;
			buildConfigurations = (
				93B9E992224BEDCB00CC67B0 /* Debug */,
				93B9E993224BEDCB00CC67B0 /* Release */,
			);
			defaultConfigurationIsVisible = 0;
			defaultConfigurationName = Release;
		};
		93B9E994224BEDCB00CC67B0 /* Build configuration list for PBXNativeTarget "MapsExample" */ = {
			isa = XCConfigurationList;
			buildConfigurations = (
				93B9E995224BEDCB00CC67B0 /* Debug */,
				93B9E996224BEDCB00CC67B0 /* Release */,
			);
			defaultConfigurationIsVisible = 0;
			defaultConfigurationName = Release;
		};
/* End XCConfigurationList section */
	};
	rootObject = 93B9E97A224BEDC800CC67B0 /* Project object */;
}
